// !$*UTF8*$!
{
	archiveVersion = 1;
	classes = {
	};
	objectVersion = 56;
	objects = {

/* Begin PBXBuildFile section */
		4C06DBFC2D0B68C3003EB13F /* CashCraftApp.swift in Sources */ = {isa = PBXBuildFile; fileRef = 4C06DBFB2D0B68C3003EB13F /* CashCraftApp.swift */; };
		4C06DBFE2D0B68C3003EB13F /* ContentView.swift in Sources */ = {isa = PBXBuildFile; fileRef = 4C06DBFD2D0B68C3003EB13F /* ContentView.swift */; };
		4C06DC002D0B68C4003EB13F /* Assets.xcassets in Resources */ = {isa = PBXBuildFile; fileRef = 4C06DBFF2D0B68C4003EB13F /* Assets.xcassets */; };
		4C06DC032D0B68C4003EB13F /* Preview Assets.xcassets in Resources */ = {isa = PBXBuildFile; fileRef = 4C06DC022D0B68C4003EB13F /* Preview Assets.xcassets */; };
		4C06DC142D0B7128003EB13F /* AppDelegate.swift in Sources */ = {isa = PBXBuildFile; fileRef = 4C06DC132D0B7128003EB13F /* AppDelegate.swift */; };
		4C06DC162D0DE4A4003EB13F /* OnboardingView.swift in Sources */ = {isa = PBXBuildFile; fileRef = 4C06DC152D0DE4A4003EB13F /* OnboardingView.swift */; };
		4C06DC1C2D0DED6A003EB13F /* OnBoardingCreatingAccount@3x.png in Resources */ = {isa = PBXBuildFile; fileRef = 4C06DC192D0DED6A003EB13F /* OnBoardingCreatingAccount@3x.png */; };
		4C06DC1D2D0DED6A003EB13F /* OnBoardingCreatingAccount@1x.png in Resources */ = {isa = PBXBuildFile; fileRef = 4C06DC1A2D0DED6A003EB13F /* OnBoardingCreatingAccount@1x.png */; };
		4C06DC1E2D0DED6A003EB13F /* OnBoardingCreatingAccount@2x.png in Resources */ = {isa = PBXBuildFile; fileRef = 4C06DC1B2D0DED6A003EB13F /* OnBoardingCreatingAccount@2x.png */; };
		4C06DC252D0E008C003EB13F /* Localizable.strings in Resources */ = {isa = PBXBuildFile; fileRef = 4C06DC232D0E008C003EB13F /* Localizable.strings */; };
		4C06DC272D0E088B003EB13F /* OnBoardingScreenComponents.swift in Sources */ = {isa = PBXBuildFile; fileRef = 4C06DC262D0E088B003EB13F /* OnBoardingScreenComponents.swift */; };
		4C06DC2B2D0F1109003EB13F /* OnBoardingTrackMoney@3x.png in Resources */ = {isa = PBXBuildFile; fileRef = 4C06DC282D0F1109003EB13F /* OnBoardingTrackMoney@3x.png */; };
		4C06DC2C2D0F1109003EB13F /* OnBoardingTrackMoney@2x.png in Resources */ = {isa = PBXBuildFile; fileRef = 4C06DC292D0F1109003EB13F /* OnBoardingTrackMoney@2x.png */; };
		4C06DC2D2D0F1109003EB13F /* OnBoardingTrackMoney@1x.png in Resources */ = {isa = PBXBuildFile; fileRef = 4C06DC2A2D0F1109003EB13F /* OnBoardingTrackMoney@1x.png */; };
		4C06DC312D0F120C003EB13F /* OnBoardingFinanceDreams@2x.png in Resources */ = {isa = PBXBuildFile; fileRef = 4C06DC2E2D0F120C003EB13F /* OnBoardingFinanceDreams@2x.png */; };
		4C06DC322D0F120C003EB13F /* OnBoardingFinanceDreams@3x.png in Resources */ = {isa = PBXBuildFile; fileRef = 4C06DC2F2D0F120C003EB13F /* OnBoardingFinanceDreams@3x.png */; };
		4C06DC332D0F120C003EB13F /* OnBoardingFinanceDreams@1x.png in Resources */ = {isa = PBXBuildFile; fileRef = 4C06DC302D0F120C003EB13F /* OnBoardingFinanceDreams@1x.png */; };
		4C06DC3B2D1C26C9003EB13F /* logoTransparent.png in Resources */ = {isa = PBXBuildFile; fileRef = 4C06DC3A2D1C26C9003EB13F /* logoTransparent.png */; };
		4C06DC432D1C3D7B003EB13F /* logoTransparent@3x.png in Resources */ = {isa = PBXBuildFile; fileRef = 4C06DC402D1C3D7B003EB13F /* logoTransparent@3x.png */; };
		4C06DC442D1C3D7B003EB13F /* logoTransparent@1x.png in Resources */ = {isa = PBXBuildFile; fileRef = 4C06DC412D1C3D7B003EB13F /* logoTransparent@1x.png */; };
		4C06DC452D1C3D7B003EB13F /* logoTransparent@2x.png in Resources */ = {isa = PBXBuildFile; fileRef = 4C06DC422D1C3D7B003EB13F /* logoTransparent@2x.png */; };
		4C06DC512D1C3DBD003EB13F /* 60.png in Resources */ = {isa = PBXBuildFile; fileRef = 4C06DC462D1C3DBC003EB13F /* 60.png */; };
		4C06DC522D1C3DBD003EB13F /* 58.png in Resources */ = {isa = PBXBuildFile; fileRef = 4C06DC472D1C3DBC003EB13F /* 58.png */; };
		4C06DC532D1C3DBD003EB13F /* 114.png in Resources */ = {isa = PBXBuildFile; fileRef = 4C06DC482D1C3DBD003EB13F /* 114.png */; };
		4C06DC542D1C3DBD003EB13F /* 1024.png in Resources */ = {isa = PBXBuildFile; fileRef = 4C06DC492D1C3DBD003EB13F /* 1024.png */; };
		4C06DC552D1C3DBD003EB13F /* 40.png in Resources */ = {isa = PBXBuildFile; fileRef = 4C06DC4A2D1C3DBD003EB13F /* 40.png */; };
		4C06DC562D1C3DBD003EB13F /* 120.png in Resources */ = {isa = PBXBuildFile; fileRef = 4C06DC4B2D1C3DBD003EB13F /* 120.png */; };
		4C06DC572D1C3DBD003EB13F /* 57.png in Resources */ = {isa = PBXBuildFile; fileRef = 4C06DC4C2D1C3DBD003EB13F /* 57.png */; };
		4C06DC582D1C3DBD003EB13F /* 180.png in Resources */ = {isa = PBXBuildFile; fileRef = 4C06DC4D2D1C3DBD003EB13F /* 180.png */; };
		4C06DC592D1C3DBD003EB13F /* 29.png in Resources */ = {isa = PBXBuildFile; fileRef = 4C06DC4E2D1C3DBD003EB13F /* 29.png */; };
		4C06DC5A2D1C3DBD003EB13F /* 80.png in Resources */ = {isa = PBXBuildFile; fileRef = 4C06DC4F2D1C3DBD003EB13F /* 80.png */; };
		4C06DC5B2D1C3DBD003EB13F /* 87.png in Resources */ = {isa = PBXBuildFile; fileRef = 4C06DC502D1C3DBD003EB13F /* 87.png */; };
		4C8BFA9A2D4036510006B879 /* LaunchScreen.storyboard in Resources */ = {isa = PBXBuildFile; fileRef = 4C8BFA992D4036500006B879 /* LaunchScreen.storyboard */; };
/* End PBXBuildFile section */

/* Begin PBXFileReference section */
		4C06DBF82D0B68C3003EB13F /* CashCraft.app */ = {isa = PBXFileReference; explicitFileType = wrapper.application; includeInIndex = 0; path = CashCraft.app; sourceTree = BUILT_PRODUCTS_DIR; };
		4C06DBFB2D0B68C3003EB13F /* CashCraftApp.swift */ = {isa = PBXFileReference; lastKnownFileType = sourcecode.swift; path = CashCraftApp.swift; sourceTree = "<group>"; };
		4C06DBFD2D0B68C3003EB13F /* ContentView.swift */ = {isa = PBXFileReference; lastKnownFileType = sourcecode.swift; path = ContentView.swift; sourceTree = "<group>"; };
		4C06DBFF2D0B68C4003EB13F /* Assets.xcassets */ = {isa = PBXFileReference; lastKnownFileType = folder.assetcatalog; path = Assets.xcassets; sourceTree = "<group>"; };
		4C06DC022D0B68C4003EB13F /* Preview Assets.xcassets */ = {isa = PBXFileReference; lastKnownFileType = folder.assetcatalog; path = "Preview Assets.xcassets"; sourceTree = "<group>"; };
		4C06DC132D0B7128003EB13F /* AppDelegate.swift */ = {isa = PBXFileReference; lastKnownFileType = sourcecode.swift; path = AppDelegate.swift; sourceTree = "<group>"; };
		4C06DC152D0DE4A4003EB13F /* OnboardingView.swift */ = {isa = PBXFileReference; lastKnownFileType = sourcecode.swift; path = OnboardingView.swift; sourceTree = "<group>"; };
		4C06DC192D0DED6A003EB13F /* OnBoardingCreatingAccount@3x.png */ = {isa = PBXFileReference; lastKnownFileType = image.png; path = "OnBoardingCreatingAccount@3x.png"; sourceTree = "<group>"; };
		4C06DC1A2D0DED6A003EB13F /* OnBoardingCreatingAccount@1x.png */ = {isa = PBXFileReference; lastKnownFileType = image.png; path = "OnBoardingCreatingAccount@1x.png"; sourceTree = "<group>"; };
		4C06DC1B2D0DED6A003EB13F /* OnBoardingCreatingAccount@2x.png */ = {isa = PBXFileReference; lastKnownFileType = image.png; path = "OnBoardingCreatingAccount@2x.png"; sourceTree = "<group>"; };
		4C06DC242D0E008C003EB13F /* en */ = {isa = PBXFileReference; lastKnownFileType = text.plist.strings; name = en; path = en.lproj/Localizable.strings; sourceTree = "<group>"; };
		4C06DC262D0E088B003EB13F /* OnBoardingScreenComponents.swift */ = {isa = PBXFileReference; lastKnownFileType = sourcecode.swift; path = OnBoardingScreenComponents.swift; sourceTree = "<group>"; };
		4C06DC282D0F1109003EB13F /* OnBoardingTrackMoney@3x.png */ = {isa = PBXFileReference; lastKnownFileType = image.png; path = "OnBoardingTrackMoney@3x.png"; sourceTree = "<group>"; };
		4C06DC292D0F1109003EB13F /* OnBoardingTrackMoney@2x.png */ = {isa = PBXFileReference; lastKnownFileType = image.png; path = "OnBoardingTrackMoney@2x.png"; sourceTree = "<group>"; };
		4C06DC2A2D0F1109003EB13F /* OnBoardingTrackMoney@1x.png */ = {isa = PBXFileReference; lastKnownFileType = image.png; path = "OnBoardingTrackMoney@1x.png"; sourceTree = "<group>"; };
		4C06DC2E2D0F120C003EB13F /* OnBoardingFinanceDreams@2x.png */ = {isa = PBXFileReference; lastKnownFileType = image.png; path = "OnBoardingFinanceDreams@2x.png"; sourceTree = "<group>"; };
		4C06DC2F2D0F120C003EB13F /* OnBoardingFinanceDreams@3x.png */ = {isa = PBXFileReference; lastKnownFileType = image.png; path = "OnBoardingFinanceDreams@3x.png"; sourceTree = "<group>"; };
		4C06DC302D0F120C003EB13F /* OnBoardingFinanceDreams@1x.png */ = {isa = PBXFileReference; lastKnownFileType = image.png; path = "OnBoardingFinanceDreams@1x.png"; sourceTree = "<group>"; };
		4C06DC3A2D1C26C9003EB13F /* logoTransparent.png */ = {isa = PBXFileReference; lastKnownFileType = image.png; path = logoTransparent.png; sourceTree = "<group>"; };
		4C06DC3C2D1C2AEA003EB13F /* Info.plist */ = {isa = PBXFileReference; lastKnownFileType = text.plist; path = Info.plist; sourceTree = "<group>"; };
		4C06DC402D1C3D7B003EB13F /* logoTransparent@3x.png */ = {isa = PBXFileReference; lastKnownFileType = image.png; path = "logoTransparent@3x.png"; sourceTree = "<group>"; };
		4C06DC412D1C3D7B003EB13F /* logoTransparent@1x.png */ = {isa = PBXFileReference; lastKnownFileType = image.png; path = "logoTransparent@1x.png"; sourceTree = "<group>"; };
		4C06DC422D1C3D7B003EB13F /* logoTransparent@2x.png */ = {isa = PBXFileReference; lastKnownFileType = image.png; path = "logoTransparent@2x.png"; sourceTree = "<group>"; };
		4C06DC462D1C3DBC003EB13F /* 60.png */ = {isa = PBXFileReference; lastKnownFileType = image.png; path = 60.png; sourceTree = "<group>"; };
		4C06DC472D1C3DBC003EB13F /* 58.png */ = {isa = PBXFileReference; lastKnownFileType = image.png; path = 58.png; sourceTree = "<group>"; };
		4C06DC482D1C3DBD003EB13F /* 114.png */ = {isa = PBXFileReference; lastKnownFileType = image.png; path = 114.png; sourceTree = "<group>"; };
		4C06DC492D1C3DBD003EB13F /* 1024.png */ = {isa = PBXFileReference; lastKnownFileType = image.png; path = 1024.png; sourceTree = "<group>"; };
		4C06DC4A2D1C3DBD003EB13F /* 40.png */ = {isa = PBXFileReference; lastKnownFileType = image.png; path = 40.png; sourceTree = "<group>"; };
		4C06DC4B2D1C3DBD003EB13F /* 120.png */ = {isa = PBXFileReference; lastKnownFileType = image.png; path = 120.png; sourceTree = "<group>"; };
		4C06DC4C2D1C3DBD003EB13F /* 57.png */ = {isa = PBXFileReference; lastKnownFileType = image.png; path = 57.png; sourceTree = "<group>"; };
		4C06DC4D2D1C3DBD003EB13F /* 180.png */ = {isa = PBXFileReference; lastKnownFileType = image.png; path = 180.png; sourceTree = "<group>"; };
		4C06DC4E2D1C3DBD003EB13F /* 29.png */ = {isa = PBXFileReference; lastKnownFileType = image.png; path = 29.png; sourceTree = "<group>"; };
		4C06DC4F2D1C3DBD003EB13F /* 80.png */ = {isa = PBXFileReference; lastKnownFileType = image.png; path = 80.png; sourceTree = "<group>"; };
		4C06DC502D1C3DBD003EB13F /* 87.png */ = {isa = PBXFileReference; lastKnownFileType = image.png; path = 87.png; sourceTree = "<group>"; };
		4C8BFA992D4036500006B879 /* LaunchScreen.storyboard */ = {isa = PBXFileReference; lastKnownFileType = file.storyboard; path = LaunchScreen.storyboard; sourceTree = "<group>"; };
/* End PBXFileReference section */

/* Begin PBXFrameworksBuildPhase section */
		4C06DBF52D0B68C3003EB13F /* Frameworks */ = {
			isa = PBXFrameworksBuildPhase;
			buildActionMask = 2147483647;
			files = (
			);
			runOnlyForDeploymentPostprocessing = 0;
		};
/* End PBXFrameworksBuildPhase section */

/* Begin PBXGroup section */
		4C06DBEF2D0B68C3003EB13F = {
			isa = PBXGroup;
			children = (
				4C06DBFA2D0B68C3003EB13F /* CashCraft */,
				4C06DBF92D0B68C3003EB13F /* Products */,
			);
			sourceTree = "<group>";
		};
		4C06DBF92D0B68C3003EB13F /* Products */ = {
			isa = PBXGroup;
			children = (
				4C06DBF82D0B68C3003EB13F /* CashCraft.app */,
			);
			name = Products;
			sourceTree = "<group>";
		};
		4C06DBFA2D0B68C3003EB13F /* CashCraft */ = {
			isa = PBXGroup;
			children = (
				4C06DC3C2D1C2AEA003EB13F /* Info.plist */,
				4C06DC112D0B6C44003EB13F /* App Core */,
				4C06DC092D0B6B4A003EB13F /* View */,
				4C06DC0A2D0B6B6E003EB13F /* ViewModels */,
				4C06DC0B2D0B6B8E003EB13F /* Models */,
				4C06DC0C2D0B6BA0003EB13F /* Services */,
				4C06DC1F2D0DFC2C003EB13F /* Shared */,
				4C06DC102D0B6C10003EB13F /* Resources */,
				4C06DC0F2D0B6BFB003EB13F /* Utilities */,
				4C06DC0E2D0B6BEF003EB13F /* Configuration */,
				4C06DC0D2D0B6BDD003EB13F /* Firebase */,
				4C06DBFF2D0B68C4003EB13F /* Assets.xcassets */,
				4C06DC012D0B68C4003EB13F /* Preview Content */,
				4C8BFA992D4036500006B879 /* LaunchScreen.storyboard */,
			);
			path = CashCraft;
			sourceTree = "<group>";
		};
		4C06DC012D0B68C4003EB13F /* Preview Content */ = {
			isa = PBXGroup;
			children = (
				4C06DC022D0B68C4003EB13F /* Preview Assets.xcassets */,
			);
			path = "Preview Content";
			sourceTree = "<group>";
		};
		4C06DC092D0B6B4A003EB13F /* View */ = {
			isa = PBXGroup;
			children = (
				4C06DC122D0B6CEE003EB13F /* Main */,
				4C06DC152D0DE4A4003EB13F /* OnboardingView.swift */,
				4C06DC262D0E088B003EB13F /* OnBoardingScreenComponents.swift */,
			);
			path = View;
			sourceTree = "<group>";
		};
		4C06DC0A2D0B6B6E003EB13F /* ViewModels */ = {
			isa = PBXGroup;
			children = (
			);
			path = ViewModels;
			sourceTree = "<group>";
		};
		4C06DC0B2D0B6B8E003EB13F /* Models */ = {
			isa = PBXGroup;
			children = (
			);
			path = Models;
			sourceTree = "<group>";
		};
		4C06DC0C2D0B6BA0003EB13F /* Services */ = {
			isa = PBXGroup;
			children = (
			);
			path = Services;
			sourceTree = "<group>";
		};
		4C06DC0D2D0B6BDD003EB13F /* Firebase */ = {
			isa = PBXGroup;
			children = (
			);
			path = Firebase;
			sourceTree = "<group>";
		};
		4C06DC0E2D0B6BEF003EB13F /* Configuration */ = {
			isa = PBXGroup;
			children = (
			);
			path = Configuration;
			sourceTree = "<group>";
		};
		4C06DC0F2D0B6BFB003EB13F /* Utilities */ = {
			isa = PBXGroup;
			children = (
			);
			path = Utilities;
			sourceTree = "<group>";
		};
		4C06DC102D0B6C10003EB13F /* Resources */ = {
			isa = PBXGroup;
			children = (
				4C06DC222D0E0019003EB13F /* Localized */,
				4C06DC172D0DED37003EB13F /* Assets */,
			);
			path = Resources;
			sourceTree = "<group>";
		};
		4C06DC112D0B6C44003EB13F /* App Core */ = {
			isa = PBXGroup;
			children = (
				4C06DBFB2D0B68C3003EB13F /* CashCraftApp.swift */,
				4C06DC132D0B7128003EB13F /* AppDelegate.swift */,
			);
			path = "App Core";
			sourceTree = "<group>";
		};
		4C06DC122D0B6CEE003EB13F /* Main */ = {
			isa = PBXGroup;
			children = (
				4C06DBFD2D0B68C3003EB13F /* ContentView.swift */,
			);
			path = Main;
			sourceTree = "<group>";
		};
		4C06DC172D0DED37003EB13F /* Assets */ = {
			isa = PBXGroup;
			children = (
				4C06DC182D0DED50003EB13F /* Onboarding */,
			);
			path = Assets;
			sourceTree = "<group>";
		};
		4C06DC182D0DED50003EB13F /* Onboarding */ = {
			isa = PBXGroup;
			children = (
				4C06DC3F2D1C3D03003EB13F /* logoAssets */,
				4C06DC1A2D0DED6A003EB13F /* OnBoardingCreatingAccount@1x.png */,
				4C06DC1B2D0DED6A003EB13F /* OnBoardingCreatingAccount@2x.png */,
				4C06DC192D0DED6A003EB13F /* OnBoardingCreatingAccount@3x.png */,
				4C06DC2A2D0F1109003EB13F /* OnBoardingTrackMoney@1x.png */,
				4C06DC292D0F1109003EB13F /* OnBoardingTrackMoney@2x.png */,
				4C06DC282D0F1109003EB13F /* OnBoardingTrackMoney@3x.png */,
				4C06DC302D0F120C003EB13F /* OnBoardingFinanceDreams@1x.png */,
				4C06DC2E2D0F120C003EB13F /* OnBoardingFinanceDreams@2x.png */,
				4C06DC2F2D0F120C003EB13F /* OnBoardingFinanceDreams@3x.png */,
			);
			path = Onboarding;
			sourceTree = "<group>";
		};
		4C06DC1F2D0DFC2C003EB13F /* Shared */ = {
			isa = PBXGroup;
			children = (
			);
			path = Shared;
			sourceTree = "<group>";
		};
		4C06DC222D0E0019003EB13F /* Localized */ = {
			isa = PBXGroup;
			children = (
				4C06DC232D0E008C003EB13F /* Localizable.strings */,
			);
			path = Localized;
			sourceTree = "<group>";
		};
		4C06DC3F2D1C3D03003EB13F /* logoAssets */ = {
			isa = PBXGroup;
			children = (
				4C06DC4E2D1C3DBD003EB13F /* 29.png */,
				4C06DC4A2D1C3DBD003EB13F /* 40.png */,
				4C06DC4C2D1C3DBD003EB13F /* 57.png */,
				4C06DC472D1C3DBC003EB13F /* 58.png */,
				4C06DC462D1C3DBC003EB13F /* 60.png */,
				4C06DC4F2D1C3DBD003EB13F /* 80.png */,
				4C06DC502D1C3DBD003EB13F /* 87.png */,
				4C06DC482D1C3DBD003EB13F /* 114.png */,
				4C06DC4B2D1C3DBD003EB13F /* 120.png */,
				4C06DC4D2D1C3DBD003EB13F /* 180.png */,
				4C06DC492D1C3DBD003EB13F /* 1024.png */,
				4C06DC3A2D1C26C9003EB13F /* logoTransparent.png */,
				4C06DC412D1C3D7B003EB13F /* logoTransparent@1x.png */,
				4C06DC422D1C3D7B003EB13F /* logoTransparent@2x.png */,
				4C06DC402D1C3D7B003EB13F /* logoTransparent@3x.png */,
			);
			path = logoAssets;
			sourceTree = "<group>";
		};
/* End PBXGroup section */

/* Begin PBXNativeTarget section */
		4C06DBF72D0B68C3003EB13F /* CashCraft */ = {
			isa = PBXNativeTarget;
			buildConfigurationList = 4C06DC062D0B68C4003EB13F /* Build configuration list for PBXNativeTarget "CashCraft" */;
			buildPhases = (
				4C06DBF42D0B68C3003EB13F /* Sources */,
				4C06DBF52D0B68C3003EB13F /* Frameworks */,
				4C06DBF62D0B68C3003EB13F /* Resources */,
			);
			buildRules = (
			);
			dependencies = (
			);
			name = CashCraft;
			productName = CashCraft;
			productReference = 4C06DBF82D0B68C3003EB13F /* CashCraft.app */;
			productType = "com.apple.product-type.application";
		};
/* End PBXNativeTarget section */

/* Begin PBXProject section */
		4C06DBF02D0B68C3003EB13F /* Project object */ = {
			isa = PBXProject;
			attributes = {
				BuildIndependentTargetsInParallel = 1;
				LastSwiftUpdateCheck = 1540;
				LastUpgradeCheck = 1540;
				TargetAttributes = {
					4C06DBF72D0B68C3003EB13F = {
						CreatedOnToolsVersion = 15.4;
					};
				};
			};
			buildConfigurationList = 4C06DBF32D0B68C3003EB13F /* Build configuration list for PBXProject "CashCraft" */;
			compatibilityVersion = "Xcode 14.0";
			developmentRegion = en;
			hasScannedForEncodings = 0;
			knownRegions = (
				en,
				Base,
			);
			mainGroup = 4C06DBEF2D0B68C3003EB13F;
			productRefGroup = 4C06DBF92D0B68C3003EB13F /* Products */;
			projectDirPath = "";
			projectRoot = "";
			targets = (
				4C06DBF72D0B68C3003EB13F /* CashCraft */,
			);
		};
/* End PBXProject section */

/* Begin PBXResourcesBuildPhase section */
		4C06DBF62D0B68C3003EB13F /* Resources */ = {
			isa = PBXResourcesBuildPhase;
			buildActionMask = 2147483647;
			files = (
				4C06DC592D1C3DBD003EB13F /* 29.png in Resources */,
				4C06DC532D1C3DBD003EB13F /* 114.png in Resources */,
				4C06DC322D0F120C003EB13F /* OnBoardingFinanceDreams@3x.png in Resources */,
				4C06DC332D0F120C003EB13F /* OnBoardingFinanceDreams@1x.png in Resources */,
				4C06DC542D1C3DBD003EB13F /* 1024.png in Resources */,
				4C06DC452D1C3D7B003EB13F /* logoTransparent@2x.png in Resources */,
				4C06DC572D1C3DBD003EB13F /* 57.png in Resources */,
				4C06DC522D1C3DBD003EB13F /* 58.png in Resources */,
				4C06DC5B2D1C3DBD003EB13F /* 87.png in Resources */,
				4C06DC2C2D0F1109003EB13F /* OnBoardingTrackMoney@2x.png in Resources */,
				4C06DC032D0B68C4003EB13F /* Preview Assets.xcassets in Resources */,
				4C06DC252D0E008C003EB13F /* Localizable.strings in Resources */,
				4C06DC442D1C3D7B003EB13F /* logoTransparent@1x.png in Resources */,
				4C06DC512D1C3DBD003EB13F /* 60.png in Resources */,
				4C06DC552D1C3DBD003EB13F /* 40.png in Resources */,
				4C06DC1E2D0DED6A003EB13F /* OnBoardingCreatingAccount@2x.png in Resources */,
				4C06DC5A2D1C3DBD003EB13F /* 80.png in Resources */,
				4C06DC562D1C3DBD003EB13F /* 120.png in Resources */,
				4C06DC582D1C3DBD003EB13F /* 180.png in Resources */,
				4C06DC002D0B68C4003EB13F /* Assets.xcassets in Resources */,
				4C06DC1D2D0DED6A003EB13F /* OnBoardingCreatingAccount@1x.png in Resources */,
				4C06DC3B2D1C26C9003EB13F /* logoTransparent.png in Resources */,
				4C06DC312D0F120C003EB13F /* OnBoardingFinanceDreams@2x.png in Resources */,
				4C06DC432D1C3D7B003EB13F /* logoTransparent@3x.png in Resources */,
				4C06DC2B2D0F1109003EB13F /* OnBoardingTrackMoney@3x.png in Resources */,
				4C8BFA9A2D4036510006B879 /* LaunchScreen.storyboard in Resources */,
				4C06DC2D2D0F1109003EB13F /* OnBoardingTrackMoney@1x.png in Resources */,
				4C06DC1C2D0DED6A003EB13F /* OnBoardingCreatingAccount@3x.png in Resources */,
			);
			runOnlyForDeploymentPostprocessing = 0;
		};
/* End PBXResourcesBuildPhase section */

/* Begin PBXSourcesBuildPhase section */
		4C06DBF42D0B68C3003EB13F /* Sources */ = {
			isa = PBXSourcesBuildPhase;
			buildActionMask = 2147483647;
			files = (
				4C06DC142D0B7128003EB13F /* AppDelegate.swift in Sources */,
				4C06DC162D0DE4A4003EB13F /* OnboardingView.swift in Sources */,
				4C06DC272D0E088B003EB13F /* OnBoardingScreenComponents.swift in Sources */,
				4C06DBFE2D0B68C3003EB13F /* ContentView.swift in Sources */,
				4C06DBFC2D0B68C3003EB13F /* CashCraftApp.swift in Sources */,
			);
			runOnlyForDeploymentPostprocessing = 0;
		};
/* End PBXSourcesBuildPhase section */

/* Begin PBXVariantGroup section */
		4C06DC232D0E008C003EB13F /* Localizable.strings */ = {
			isa = PBXVariantGroup;
			children = (
				4C06DC242D0E008C003EB13F /* en */,
			);
			name = Localizable.strings;
			sourceTree = "<group>";
		};
/* End PBXVariantGroup section */

/* Begin XCBuildConfiguration section */
		4C06DC042D0B68C4003EB13F /* Debug */ = {
			isa = XCBuildConfiguration;
			buildSettings = {
				ALWAYS_SEARCH_USER_PATHS = NO;
				ASSETCATALOG_COMPILER_GENERATE_SWIFT_ASSET_SYMBOL_EXTENSIONS = YES;
				CLANG_ANALYZER_NONNULL = YES;
				CLANG_ANALYZER_NUMBER_OBJECT_CONVERSION = YES_AGGRESSIVE;
				CLANG_CXX_LANGUAGE_STANDARD = "gnu++20";
				CLANG_ENABLE_MODULES = YES;
				CLANG_ENABLE_OBJC_ARC = YES;
				CLANG_ENABLE_OBJC_WEAK = YES;
				CLANG_WARN_BLOCK_CAPTURE_AUTORELEASING = YES;
				CLANG_WARN_BOOL_CONVERSION = YES;
				CLANG_WARN_COMMA = YES;
				CLANG_WARN_CONSTANT_CONVERSION = YES;
				CLANG_WARN_DEPRECATED_OBJC_IMPLEMENTATIONS = YES;
				CLANG_WARN_DIRECT_OBJC_ISA_USAGE = YES_ERROR;
				CLANG_WARN_DOCUMENTATION_COMMENTS = YES;
				CLANG_WARN_EMPTY_BODY = YES;
				CLANG_WARN_ENUM_CONVERSION = YES;
				CLANG_WARN_INFINITE_RECURSION = YES;
				CLANG_WARN_INT_CONVERSION = YES;
				CLANG_WARN_NON_LITERAL_NULL_CONVERSION = YES;
				CLANG_WARN_OBJC_IMPLICIT_RETAIN_SELF = YES;
				CLANG_WARN_OBJC_LITERAL_CONVERSION = YES;
				CLANG_WARN_OBJC_ROOT_CLASS = YES_ERROR;
				CLANG_WARN_QUOTED_INCLUDE_IN_FRAMEWORK_HEADER = YES;
				CLANG_WARN_RANGE_LOOP_ANALYSIS = YES;
				CLANG_WARN_STRICT_PROTOTYPES = YES;
				CLANG_WARN_SUSPICIOUS_MOVE = YES;
				CLANG_WARN_UNGUARDED_AVAILABILITY = YES_AGGRESSIVE;
				CLANG_WARN_UNREACHABLE_CODE = YES;
				CLANG_WARN__DUPLICATE_METHOD_MATCH = YES;
				COPY_PHASE_STRIP = NO;
				DEBUG_INFORMATION_FORMAT = dwarf;
				ENABLE_STRICT_OBJC_MSGSEND = YES;
				ENABLE_TESTABILITY = YES;
				ENABLE_USER_SCRIPT_SANDBOXING = YES;
				GCC_C_LANGUAGE_STANDARD = gnu17;
				GCC_DYNAMIC_NO_PIC = NO;
				GCC_NO_COMMON_BLOCKS = YES;
				GCC_OPTIMIZATION_LEVEL = 0;
				GCC_PREPROCESSOR_DEFINITIONS = (
					"DEBUG=1",
					"$(inherited)",
				);
				GCC_WARN_64_TO_32_BIT_CONVERSION = YES;
				GCC_WARN_ABOUT_RETURN_TYPE = YES_ERROR;
				GCC_WARN_UNDECLARED_SELECTOR = YES;
				GCC_WARN_UNINITIALIZED_AUTOS = YES_AGGRESSIVE;
				GCC_WARN_UNUSED_FUNCTION = YES;
				GCC_WARN_UNUSED_VARIABLE = YES;
				IPHONEOS_DEPLOYMENT_TARGET = 17.5;
				LOCALIZATION_PREFERS_STRING_CATALOGS = YES;
				MTL_ENABLE_DEBUG_INFO = INCLUDE_SOURCE;
				MTL_FAST_MATH = YES;
				ONLY_ACTIVE_ARCH = YES;
				SDKROOT = iphoneos;
				SWIFT_ACTIVE_COMPILATION_CONDITIONS = "DEBUG $(inherited)";
				SWIFT_OPTIMIZATION_LEVEL = "-Onone";
			};
			name = Debug;
		};
		4C06DC052D0B68C4003EB13F /* Release */ = {
			isa = XCBuildConfiguration;
			buildSettings = {
				ALWAYS_SEARCH_USER_PATHS = NO;
				ASSETCATALOG_COMPILER_GENERATE_SWIFT_ASSET_SYMBOL_EXTENSIONS = YES;
				CLANG_ANALYZER_NONNULL = YES;
				CLANG_ANALYZER_NUMBER_OBJECT_CONVERSION = YES_AGGRESSIVE;
				CLANG_CXX_LANGUAGE_STANDARD = "gnu++20";
				CLANG_ENABLE_MODULES = YES;
				CLANG_ENABLE_OBJC_ARC = YES;
				CLANG_ENABLE_OBJC_WEAK = YES;
				CLANG_WARN_BLOCK_CAPTURE_AUTORELEASING = YES;
				CLANG_WARN_BOOL_CONVERSION = YES;
				CLANG_WARN_COMMA = YES;
				CLANG_WARN_CONSTANT_CONVERSION = YES;
				CLANG_WARN_DEPRECATED_OBJC_IMPLEMENTATIONS = YES;
				CLANG_WARN_DIRECT_OBJC_ISA_USAGE = YES_ERROR;
				CLANG_WARN_DOCUMENTATION_COMMENTS = YES;
				CLANG_WARN_EMPTY_BODY = YES;
				CLANG_WARN_ENUM_CONVERSION = YES;
				CLANG_WARN_INFINITE_RECURSION = YES;
				CLANG_WARN_INT_CONVERSION = YES;
				CLANG_WARN_NON_LITERAL_NULL_CONVERSION = YES;
				CLANG_WARN_OBJC_IMPLICIT_RETAIN_SELF = YES;
				CLANG_WARN_OBJC_LITERAL_CONVERSION = YES;
				CLANG_WARN_OBJC_ROOT_CLASS = YES_ERROR;
				CLANG_WARN_QUOTED_INCLUDE_IN_FRAMEWORK_HEADER = YES;
				CLANG_WARN_RANGE_LOOP_ANALYSIS = YES;
				CLANG_WARN_STRICT_PROTOTYPES = YES;
				CLANG_WARN_SUSPICIOUS_MOVE = YES;
				CLANG_WARN_UNGUARDED_AVAILABILITY = YES_AGGRESSIVE;
				CLANG_WARN_UNREACHABLE_CODE = YES;
				CLANG_WARN__DUPLICATE_METHOD_MATCH = YES;
				COPY_PHASE_STRIP = NO;
				DEBUG_INFORMATION_FORMAT = "dwarf-with-dsym";
				ENABLE_NS_ASSERTIONS = NO;
				ENABLE_STRICT_OBJC_MSGSEND = YES;
				ENABLE_USER_SCRIPT_SANDBOXING = YES;
				GCC_C_LANGUAGE_STANDARD = gnu17;
				GCC_NO_COMMON_BLOCKS = YES;
				GCC_WARN_64_TO_32_BIT_CONVERSION = YES;
				GCC_WARN_ABOUT_RETURN_TYPE = YES_ERROR;
				GCC_WARN_UNDECLARED_SELECTOR = YES;
				GCC_WARN_UNINITIALIZED_AUTOS = YES_AGGRESSIVE;
				GCC_WARN_UNUSED_FUNCTION = YES;
				GCC_WARN_UNUSED_VARIABLE = YES;
				IPHONEOS_DEPLOYMENT_TARGET = 17.5;
				LOCALIZATION_PREFERS_STRING_CATALOGS = YES;
				MTL_ENABLE_DEBUG_INFO = NO;
				MTL_FAST_MATH = YES;
				SDKROOT = iphoneos;
				SWIFT_COMPILATION_MODE = wholemodule;
				VALIDATE_PRODUCT = YES;
			};
			name = Release;
		};
		4C06DC072D0B68C4003EB13F /* Debug */ = {
			isa = XCBuildConfiguration;
			buildSettings = {
				ASSETCATALOG_COMPILER_APPICON_NAME = AppIcon;
				ASSETCATALOG_COMPILER_GLOBAL_ACCENT_COLOR_NAME = AccentColor;
				CODE_SIGN_STYLE = Automatic;
				CURRENT_PROJECT_VERSION = 1;
				DEVELOPMENT_ASSET_PATHS = "\"CashCraft/Preview Content\"";
				DEVELOPMENT_TEAM = 3ZPB99A3BY;
				ENABLE_PREVIEWS = YES;
				GENERATE_INFOPLIST_FILE = YES;
				INFOPLIST_FILE = CashCraft/Info.plist;
				INFOPLIST_KEY_UIApplicationSceneManifest_Generation = YES;
				INFOPLIST_KEY_UIApplicationSupportsIndirectInputEvents = YES;
				INFOPLIST_KEY_UILaunchScreen_Generation = YES;
				INFOPLIST_KEY_UILaunchStoryboardName = LaunchScreen.storyboard;
				INFOPLIST_KEY_UISupportedInterfaceOrientations_iPad = "UIInterfaceOrientationPortrait UIInterfaceOrientationPortraitUpsideDown UIInterfaceOrientationLandscapeLeft UIInterfaceOrientationLandscapeRight";
				INFOPLIST_KEY_UISupportedInterfaceOrientations_iPhone = "UIInterfaceOrientationPortrait UIInterfaceOrientationLandscapeLeft UIInterfaceOrientationLandscapeRight";
				LD_RUNPATH_SEARCH_PATHS = (
					"$(inherited)",
					"@executable_path/Frameworks",
				);
				MARKETING_VERSION = 1.0;
				PRODUCT_BUNDLE_IDENTIFIER = com.omar.demo.CashCraft;
				PRODUCT_NAME = "$(TARGET_NAME)";
				SWIFT_EMIT_LOC_STRINGS = YES;
				SWIFT_VERSION = 5.0;
				TARGETED_DEVICE_FAMILY = "1,2";
			};
			name = Debug;
		};
		4C06DC082D0B68C4003EB13F /* Release */ = {
			isa = XCBuildConfiguration;
			buildSettings = {
				ASSETCATALOG_COMPILER_APPICON_NAME = AppIcon;
				ASSETCATALOG_COMPILER_GLOBAL_ACCENT_COLOR_NAME = AccentColor;
				CODE_SIGN_STYLE = Automatic;
				CURRENT_PROJECT_VERSION = 1;
				DEVELOPMENT_ASSET_PATHS = "\"CashCraft/Preview Content\"";
				DEVELOPMENT_TEAM = 3ZPB99A3BY;
				ENABLE_PREVIEWS = YES;
				GENERATE_INFOPLIST_FILE = YES;
				INFOPLIST_FILE = CashCraft/Info.plist;
				INFOPLIST_KEY_UIApplicationSceneManifest_Generation = YES;
				INFOPLIST_KEY_UIApplicationSupportsIndirectInputEvents = YES;
				INFOPLIST_KEY_UILaunchScreen_Generation = YES;
				INFOPLIST_KEY_UILaunchStoryboardName = LaunchScreen.storyboard;
				INFOPLIST_KEY_UISupportedInterfaceOrientations_iPad = "UIInterfaceOrientationPortrait UIInterfaceOrientationPortraitUpsideDown UIInterfaceOrientationLandscapeLeft UIInterfaceOrientationLandscapeRight";
				INFOPLIST_KEY_UISupportedInterfaceOrientations_iPhone = "UIInterfaceOrientationPortrait UIInterfaceOrientationLandscapeLeft UIInterfaceOrientationLandscapeRight";
				LD_RUNPATH_SEARCH_PATHS = (
					"$(inherited)",
					"@executable_path/Frameworks",
				);
				MARKETING_VERSION = 1.0;
				PRODUCT_BUNDLE_IDENTIFIER = com.omar.demo.CashCraft;
				PRODUCT_NAME = "$(TARGET_NAME)";
				SWIFT_EMIT_LOC_STRINGS = YES;
				SWIFT_VERSION = 5.0;
				TARGETED_DEVICE_FAMILY = "1,2";
			};
			name = Release;
		};
/* End XCBuildConfiguration section */

/* Begin XCConfigurationList section */
		4C06DBF32D0B68C3003EB13F /* Build configuration list for PBXProject "CashCraft" */ = {
			isa = XCConfigurationList;
			buildConfigurations = (
				4C06DC042D0B68C4003EB13F /* Debug */,
				4C06DC052D0B68C4003EB13F /* Release */,
			);
			defaultConfigurationIsVisible = 0;
			defaultConfigurationName = Release;
		};
		4C06DC062D0B68C4003EB13F /* Build configuration list for PBXNativeTarget "CashCraft" */ = {
			isa = XCConfigurationList;
			buildConfigurations = (
				4C06DC072D0B68C4003EB13F /* Debug */,
				4C06DC082D0B68C4003EB13F /* Release */,
			);
			defaultConfigurationIsVisible = 0;
			defaultConfigurationName = Release;
		};
/* End XCConfigurationList section */
	};
	rootObject = 4C06DBF02D0B68C3003EB13F /* Project object */;
}
